
Microsoft Visual Studio Solution File, Format Version 12.00
# Visual Studio Version 16
VisualStudioVersion = 16.0.30711.63
MinimumVisualStudioVersion = 10.0.40219.1
Project("{F184B08F-C81C-45F6-A57F-5ABD9991F28F}") = "MvcCustomDraw", "MvcCustomDraw.vbproj", "{AF3D7FF0-48EA-4D1D-B4DF-7BF30A6142E2}"
EndProject
Global
	GlobalSection(SolutionConfigurationPlatforms) = preSolution
		Debug|Any CPU = Debug|Any CPU
		Release|Any CPU = Release|Any CPU
	EndGlobalSection
	GlobalSection(ProjectConfigurationPlatforms) = postSolution
		{AF3D7FF0-48EA-4D1D-B4DF-7BF30A6142E2}.Debug|Any CPU.ActiveCfg = Debug|Any CPU
		{AF3D7FF0-48EA-4D1D-B4DF-7BF30A6142E2}.Debug|Any CPU.Build.0 = Debug|Any CPU
		{AF3D7FF0-48EA-4D1D-B4DF-7BF30A6142E2}.Release|Any CPU.ActiveCfg = Release|Any CPU
		{AF3D7FF0-48EA-4D1D-B4DF-7BF30A6142E2}.Release|Any CPU.Build.0 = Release|Any CPU
	EndGlobalSection
	GlobalSection(SolutionProperties) = preSolution
		HideSolutionNode = FALSE
	EndGlobalSection
	GlobalSection(ExtensibilityGlobals) = postSolution
		SolutionGuid = {081F59F6-0BB6-4DF0-956A-92E84C61A4FE}
	EndGlobalSection
EndGlobal
